
Microsoft Visual Studio Solution File, Format Version 12.00
# Visual Studio Version 17
VisualStudioVersion = 17.14.37216.2
MinimumVisualStudioVersion = 10.0.40219.1
Project("{2150E333-8FDC-42A3-9474-1A3956D46DE8}") = "src", "src", "{827E0CD3-B72D-47B6-A68D-7590B98EB39B}"
EndProject
Project("{FAE04EC0-301F-11D3-BF4B-00C04F79EFBC}") = "Nexus.Core", "src\Nexus.Core\Nexus.Core.csproj", "{1991E14B-E188-4FA8-B23D-0ECCE8079F51}"
EndProject
Project("{FAE04EC0-301F-11D3-BF4B-00C04F79EFBC}") = "Nexus.Contracts", "src\Nexus.Contracts\Nexus.Contracts.csproj", "{29D8B4A6-DB1F-46EB-B0DB-690B66BE9BFD}"
EndProject
Project("{FAE04EC0-301F-11D3-BF4B-00C04F79EFBC}") = "Nexus.Simulation", "src\Nexus.Simulation\Nexus.Simulation.csproj", "{60562497-170F-458B-8389-C0A00363939D}"
EndProject
Project("{FAE04EC0-301F-11D3-BF4B-00C04F79EFBC}") = "Nexus.Diagnostics", "src\Nexus.Diagnostics\Nexus.Diagnostics.csproj", "{AB827AE7-834E-44A8-BC8D-D451BFDAFF45}"
EndProject
Project("{FAE04EC0-301F-11D3-BF4B-00C04F79EFBC}") = "Nexus.Host", "src\Nexus.Host\Nexus.Host.csproj", "{E22BA3AA-6FF2-4E12-A2F7-391B304ACAA0}"
EndProject
Project("{2150E333-8FDC-42A3-9474-1A3956D46DE8}") = "tests", "tests", "{0AB3BF05-4346-4AA6-1389-037BE0695223}"
EndProject
Project("{FAE04EC0-301F-11D3-BF4B-00C04F79EFBC}") = "Nexus.Core.Tests", "tests\Nexus.Core.Tests\Nexus.Core.Tests.csproj", "{16072D50-57EF-488A-A484-A82158BFD5BB}"
EndProject
Project("{FAE04EC0-301F-11D3-BF4B-00C04F79EFBC}") = "Nexus.Simulation.Tests", "tests\Nexus.Simulation.Tests\Nexus.Simulation.Tests.csproj", "{E8A53DFD-7B5E-4AD5-BC16-0762AABBB1CD}"
EndProject
Project("{FAE04EC0-301F-11D3-BF4B-00C04F79EFBC}") = "Nexus.Determinism.Tests", "tests\Nexus.Determinism.Tests\Nexus.Determinism.Tests.csproj", "{37FDF0A6-9C66-44F8-AF4D-872372CC939A}"
EndProject
Project("{FAE04EC0-301F-11D3-BF4B-00C04F79EFBC}") = "Nexus.ECS", "src\Nexus.ECS\Nexus.ECS.csproj", "{14660613-822A-46BC-8080-096A7C6932AD}"
EndProject
Project("{FAE04EC0-301F-11D3-BF4B-00C04F79EFBC}") = "Nexus.ECS.Tests", "tests\Nexus.ECS.Tests\Nexus.ECS.Tests.csproj", "{3B731F0D-FBAE-4C55-9AB5-1DC893E08494}"
EndProject
Global
	GlobalSection(SolutionConfigurationPlatforms) = preSolution
		Debug|Any CPU = Debug|Any CPU
		Debug|x64 = Debug|x64
		Debug|x86 = Debug|x86
		Release|Any CPU = Release|Any CPU
		Release|x64 = Release|x64
		Release|x86 = Release|x86
	EndGlobalSection
	GlobalSection(ProjectConfigurationPlatforms) = postSolution
		{1991E14B-E188-4FA8-B23D-0ECCE8079F51}.Debug|Any CPU.ActiveCfg = Debug|Any CPU
		{1991E14B-E188-4FA8-B23D-0ECCE8079F51}.Debug|Any CPU.Build.0 = Debug|Any CPU
		{1991E14B-E188-4FA8-B23D-0ECCE8079F51}.Debug|x64.ActiveCfg = Debug|Any CPU
		{1991E14B-E188-4FA8-B23D-0ECCE8079F51}.Debug|x64.Build.0 = Debug|Any CPU
		{1991E14B-E188-4FA8-B23D-0ECCE8079F51}.Debug|x86.ActiveCfg = Debug|Any CPU
		{1991E14B-E188-4FA8-B23D-0ECCE8079F51}.Debug|x86.Build.0 = Debug|Any CPU
		{1991E14B-E188-4FA8-B23D-0ECCE8079F51}.Release|Any CPU.ActiveCfg = Release|Any CPU
		{1991E14B-E188-4FA8-B23D-0ECCE8079F51}.Release|Any CPU.Build.0 = Release|Any CPU
		{1991E14B-E188-4FA8-B23D-0ECCE8079F51}.Release|x64.ActiveCfg = Release|Any CPU
		{1991E14B-E188-4FA8-B23D-0ECCE8079F51}.Release|x64.Build.0 = Release|Any CPU
		{1991E14B-E188-4FA8-B23D-0ECCE8079F51}.Release|x86.ActiveCfg = Release|Any CPU
		{1991E14B-E188-4FA8-B23D-0ECCE8079F51}.Release|x86.Build.0 = Release|Any CPU
		{29D8B4A6-DB1F-46EB-B0DB-690B66BE9BFD}.Debug|Any CPU.ActiveCfg = Debug|Any CPU
		{29D8B4A6-DB1F-46EB-B0DB-690B66BE9BFD}.Debug|Any CPU.Build.0 = Debug|Any CPU
		{29D8B4A6-DB1F-46EB-B0DB-690B66BE9BFD}.Debug|x64.ActiveCfg = Debug|Any CPU
		{29D8B4A6-DB1F-46EB-B0DB-690B66BE9BFD}.Debug|x64.Build.0 = Debug|Any CPU
		{29D8B4A6-DB1F-46EB-B0DB-690B66BE9BFD}.Debug|x86.ActiveCfg = Debug|Any CPU
		{29D8B4A6-DB1F-46EB-B0DB-690B66BE9BFD}.Debug|x86.Build.0 = Debug|Any CPU
		{29D8B4A6-DB1F-46EB-B0DB-690B66BE9BFD}.Release|Any CPU.ActiveCfg = Release|Any CPU
		{29D8B4A6-DB1F-46EB-B0DB-690B66BE9BFD}.Release|Any CPU.Build.0 = Release|Any CPU
		{29D8B4A6-DB1F-46EB-B0DB-690B66BE9BFD}.Release|x64.ActiveCfg = Release|Any CPU
		{29D8B4A6-DB1F-46EB-B0DB-690B66BE9BFD}.Release|x64.Build.0 = Release|Any CPU
		{29D8B4A6-DB1F-46EB-B0DB-690B66BE9BFD}.Release|x86.ActiveCfg = Release|Any CPU
		{29D8B4A6-DB1F-46EB-B0DB-690B66BE9BFD}.Release|x86.Build.0 = Release|Any CPU
		{60562497-170F-458B-8389-C0A00363939D}.Debug|Any CPU.ActiveCfg = Debug|Any CPU
		{60562497-170F-458B-8389-C0A00363939D}.Debug|Any CPU.Build.0 = Debug|Any CPU
		{60562497-170F-458B-8389-C0A00363939D}.Debug|x64.ActiveCfg = Debug|Any CPU
		{60562497-170F-458B-8389-C0A00363939D}.Debug|x64.Build.0 = Debug|Any CPU
		{60562497-170F-458B-8389-C0A00363939D}.Debug|x86.ActiveCfg = Debug|Any CPU
		{60562497-170F-458B-8389-C0A00363939D}.Debug|x86.Build.0 = Debug|Any CPU
		{60562497-170F-458B-8389-C0A00363939D}.Release|Any CPU.ActiveCfg = Release|Any CPU
		{60562497-170F-458B-8389-C0A00363939D}.Release|Any CPU.Build.0 = Release|Any CPU
		{60562497-170F-458B-8389-C0A00363939D}.Release|x64.ActiveCfg = Release|Any CPU
		{60562497-170F-458B-8389-C0A00363939D}.Release|x64.Build.0 = Release|Any CPU
		{60562497-170F-458B-8389-C0A00363939D}.Release|x86.ActiveCfg = Release|Any CPU
		{60562497-170F-458B-8389-C0A00363939D}.Release|x86.Build.0 = Release|Any CPU
		{AB827AE7-834E-44A8-BC8D-D451BFDAFF45}.Debug|Any CPU.ActiveCfg = Debug|Any CPU
		{AB827AE7-834E-44A8-BC8D-D451BFDAFF45}.Debug|Any CPU.Build.0 = Debug|Any CPU
		{AB827AE7-834E-44A8-BC8D-D451BFDAFF45}.Debug|x64.ActiveCfg = Debug|Any CPU
		{AB827AE7-834E-44A8-BC8D-D451BFDAFF45}.Debug|x64.Build.0 = Debug|Any CPU
		{AB827AE7-834E-44A8-BC8D-D451BFDAFF45}.Debug|x86.ActiveCfg = Debug|Any CPU
		{AB827AE7-834E-44A8-BC8D-D451BFDAFF45}.Debug|x86.Build.0 = Debug|Any CPU
		{AB827AE7-834E-44A8-BC8D-D451BFDAFF45}.Release|Any CPU.ActiveCfg = Release|Any CPU
		{AB827AE7-834E-44A8-BC8D-D451BFDAFF45}.Release|Any CPU.Build.0 = Release|Any CPU
		{AB827AE7-834E-44A8-BC8D-D451BFDAFF45}.Release|x64.ActiveCfg = Release|Any CPU
		{AB827AE7-834E-44A8-BC8D-D451BFDAFF45}.Release|x64.Build.0 = Release|Any CPU
		{AB827AE7-834E-44A8-BC8D-D451BFDAFF45}.Release|x86.ActiveCfg = Release|Any CPU
		{AB827AE7-834E-44A8-BC8D-D451BFDAFF45}.Release|x86.Build.0 = Release|Any CPU
		{E22BA3AA-6FF2-4E12-A2F7-391B304ACAA0}.Debug|Any CPU.ActiveCfg = Debug|Any CPU
		{E22BA3AA-6FF2-4E12-A2F7-391B304ACAA0}.Debug|Any CPU.Build.0 = Debug|Any CPU
		{E22BA3AA-6FF2-4E12-A2F7-391B304ACAA0}.Debug|x64.ActiveCfg = Debug|Any CPU
		{E22BA3AA-6FF2-4E12-A2F7-391B304ACAA0}.Debug|x64.Build.0 = Debug|Any CPU
		{E22BA3AA-6FF2-4E12-A2F7-391B304ACAA0}.Debug|x86.ActiveCfg = Debug|Any CPU
		{E22BA3AA-6FF2-4E12-A2F7-391B304ACAA0}.Debug|x86.Build.0 = Debug|Any CPU
		{E22BA3AA-6FF2-4E12-A2F7-391B304ACAA0}.Release|Any CPU.ActiveCfg = Release|Any CPU
		{E22BA3AA-6FF2-4E12-A2F7-391B304ACAA0}.Release|Any CPU.Build.0 = Release|Any CPU
		{E22BA3AA-6FF2-4E12-A2F7-391B304ACAA0}.Release|x64.ActiveCfg = Release|Any CPU
		{E22BA3AA-6FF2-4E12-A2F7-391B304ACAA0}.Release|x64.Build.0 = Release|Any CPU
		{E22BA3AA-6FF2-4E12-A2F7-391B304ACAA0}.Release|x86.ActiveCfg = Release|Any CPU
		{E22BA3AA-6FF2-4E12-A2F7-391B304ACAA0}.Release|x86.Build.0 = Release|Any CPU
		{16072D50-57EF-488A-A484-A82158BFD5BB}.Debug|Any CPU.ActiveCfg = Debug|Any CPU
		{16072D50-57EF-488A-A484-A82158BFD5BB}.Debug|Any CPU.Build.0 = Debug|Any CPU
		{16072D50-57EF-488A-A484-A82158BFD5BB}.Debug|x64.ActiveCfg = Debug|Any CPU
		{16072D50-57EF-488A-A484-A82158BFD5BB}.Debug|x64.Build.0 = Debug|Any CPU
		{16072D50-57EF-488A-A484-A82158BFD5BB}.Debug|x86.ActiveCfg = Debug|Any CPU
		{16072D50-57EF-488A-A484-A82158BFD5BB}.Debug|x86.Build.0 = Debug|Any CPU
		{16072D50-57EF-488A-A484-A82158BFD5BB}.Release|Any CPU.ActiveCfg = Release|Any CPU
		{16072D50-57EF-488A-A484-A82158BFD5BB}.Release|Any CPU.Build.0 = Release|Any CPU
		{16072D50-57EF-488A-A484-A82158BFD5BB}.Release|x64.ActiveCfg = Release|Any CPU
		{16072D50-57EF-488A-A484-A82158BFD5BB}.Release|x64.Build.0 = Release|Any CPU
		{16072D50-57EF-488A-A484-A82158BFD5BB}.Release|x86.ActiveCfg = Release|Any CPU
		{16072D50-57EF-488A-A484-A82158BFD5BB}.Release|x86.Build.0 = Release|Any CPU
		{E8A53DFD-7B5E-4AD5-BC16-0762AABBB1CD}.Debug|Any CPU.ActiveCfg = Debug|Any CPU
		{E8A53DFD-7B5E-4AD5-BC16-0762AABBB1CD}.Debug|Any CPU.Build.0 = Debug|Any CPU
		{E8A53DFD-7B5E-4AD5-BC16-0762AABBB1CD}.Debug|x64.ActiveCfg = Debug|Any CPU
		{E8A53DFD-7B5E-4AD5-BC16-0762AABBB1CD}.Debug|x64.Build.0 = Debug|Any CPU
		{E8A53DFD-7B5E-4AD5-BC16-0762AABBB1CD}.Debug|x86.ActiveCfg = Debug|Any CPU
		{E8A53DFD-7B5E-4AD5-BC16-0762AABBB1CD}.Debug|x86.Build.0 = Debug|Any CPU
		{E8A53DFD-7B5E-4AD5-BC16-0762AABBB1CD}.Release|Any CPU.ActiveCfg = Release|Any CPU
		{E8A53DFD-7B5E-4AD5-BC16-0762AABBB1CD}.Release|Any CPU.Build.0 = Release|Any CPU
		{E8A53DFD-7B5E-4AD5-BC16-0762AABBB1CD}.Release|x64.ActiveCfg = Release|Any CPU
		{E8A53DFD-7B5E-4AD5-BC16-0762AABBB1CD}.Release|x64.Build.0 = Release|Any CPU
		{E8A53DFD-7B5E-4AD5-BC16-0762AABBB1CD}.Release|x86.ActiveCfg = Release|Any CPU
		{E8A53DFD-7B5E-4AD5-BC16-0762AABBB1CD}.Release|x86.Build.0 = Release|Any CPU
		{37FDF0A6-9C66-44F8-AF4D-872372CC939A}.Debug|Any CPU.ActiveCfg = Debug|Any CPU
		{37FDF0A6-9C66-44F8-AF4D-872372CC939A}.Debug|Any CPU.Build.0 = Debug|Any CPU
		{37FDF0A6-9C66-44F8-AF4D-872372CC939A}.Debug|x64.ActiveCfg = Debug|Any CPU
		{37FDF0A6-9C66-44F8-AF4D-872372CC939A}.Debug|x64.Build.0 = Debug|Any CPU
		{37FDF0A6-9C66-44F8-AF4D-872372CC939A}.Debug|x86.ActiveCfg = Debug|Any CPU
		{37FDF0A6-9C66-44F8-AF4D-872372CC939A}.Debug|x86.Build.0 = Debug|Any CPU
		{37FDF0A6-9C66-44F8-AF4D-872372CC939A}.Release|Any CPU.ActiveCfg = Release|Any CPU
		{37FDF0A6-9C66-44F8-AF4D-872372CC939A}.Release|Any CPU.Build.0 = Release|Any CPU
		{37FDF0A6-9C66-44F8-AF4D-872372CC939A}.Release|x64.ActiveCfg = Release|Any CPU
		{37FDF0A6-9C66-44F8-AF4D-872372CC939A}.Release|x64.Build.0 = Release|Any CPU
		{37FDF0A6-9C66-44F8-AF4D-872372CC939A}.Release|x86.ActiveCfg = Release|Any CPU
		{37FDF0A6-9C66-44F8-AF4D-872372CC939A}.Release|x86.Build.0 = Release|Any CPU
		{14660613-822A-46BC-8080-096A7C6932AD}.Debug|Any CPU.ActiveCfg = Debug|Any CPU
		{14660613-822A-46BC-8080-096A7C6932AD}.Debug|Any CPU.Build.0 = Debug|Any CPU
		{14660613-822A-46BC-8080-096A7C6932AD}.Debug|x64.ActiveCfg = Debug|Any CPU
		{14660613-822A-46BC-8080-096A7C6932AD}.Debug|x64.Build.0 = Debug|Any CPU
		{14660613-822A-46BC-8080-096A7C6932AD}.Debug|x86.ActiveCfg = Debug|Any CPU
		{14660613-822A-46BC-8080-096A7C6932AD}.Debug|x86.Build.0 = Debug|Any CPU
		{14660613-822A-46BC-8080-096A7C6932AD}.Release|Any CPU.ActiveCfg = Release|Any CPU
		{14660613-822A-46BC-8080-096A7C6932AD}.Release|Any CPU.Build.0 = Release|Any CPU
		{14660613-822A-46BC-8080-096A7C6932AD}.Release|x64.ActiveCfg = Release|Any CPU
		{14660613-822A-46BC-8080-096A7C6932AD}.Release|x64.Build.0 = Release|Any CPU
		{14660613-822A-46BC-8080-096A7C6932AD}.Release|x86.ActiveCfg = Release|Any CPU
		{14660613-822A-46BC-8080-096A7C6932AD}.Release|x86.Build.0 = Release|Any CPU
		{3B731F0D-FBAE-4C55-9AB5-1DC893E08494}.Debug|Any CPU.ActiveCfg = Debug|Any CPU
		{3B731F0D-FBAE-4C55-9AB5-1DC893E08494}.Debug|Any CPU.Build.0 = Debug|Any CPU
		{3B731F0D-FBAE-4C55-9AB5-1DC893E08494}.Debug|x64.ActiveCfg = Debug|Any CPU
		{3B731F0D-FBAE-4C55-9AB5-1DC893E08494}.Debug|x64.Build.0 = Debug|Any CPU
		{3B731F0D-FBAE-4C55-9AB5-1DC893E08494}.Debug|x86.ActiveCfg = Debug|Any CPU
		{3B731F0D-FBAE-4C55-9AB5-1DC893E08494}.Debug|x86.Build.0 = Debug|Any CPU
		{3B731F0D-FBAE-4C55-9AB5-1DC893E08494}.Release|Any CPU.ActiveCfg = Release|Any CPU
		{3B731F0D-FBAE-4C55-9AB5-1DC893E08494}.Release|Any CPU.Build.0 = Release|Any CPU
		{3B731F0D-FBAE-4C55-9AB5-1DC893E08494}.Release|x64.ActiveCfg = Release|Any CPU
		{3B731F0D-FBAE-4C55-9AB5-1DC893E08494}.Release|x64.Build.0 = Release|Any CPU
		{3B731F0D-FBAE-4C55-9AB5-1DC893E08494}.Release|x86.ActiveCfg = Release|Any CPU
		{3B731F0D-FBAE-4C55-9AB5-1DC893E08494}.Release|x86.Build.0 = Release|Any CPU
	EndGlobalSection
	GlobalSection(SolutionProperties) = preSolution
		HideSolutionNode = FALSE
	EndGlobalSection
	GlobalSection(NestedProjects) = preSolution
		{1991E14B-E188-4FA8-B23D-0ECCE8079F51} = {827E0CD3-B72D-47B6-A68D-7590B98EB39B}
		{29D8B4A6-DB1F-46EB-B0DB-690B66BE9BFD} = {827E0CD3-B72D-47B6-A68D-7590B98EB39B}
		{60562497-170F-458B-8389-C0A00363939D} = {827E0CD3-B72D-47B6-A68D-7590B98EB39B}
		{AB827AE7-834E-44A8-BC8D-D451BFDAFF45} = {827E0CD3-B72D-47B6-A68D-7590B98EB39B}
		{E22BA3AA-6FF2-4E12-A2F7-391B304ACAA0} = {827E0CD3-B72D-47B6-A68D-7590B98EB39B}
		{16072D50-57EF-488A-A484-A82158BFD5BB} = {0AB3BF05-4346-4AA6-1389-037BE0695223}
		{E8A53DFD-7B5E-4AD5-BC16-0762AABBB1CD} = {0AB3BF05-4346-4AA6-1389-037BE0695223}
		{37FDF0A6-9C66-44F8-AF4D-872372CC939A} = {0AB3BF05-4346-4AA6-1389-037BE0695223}
		{14660613-822A-46BC-8080-096A7C6932AD} = {827E0CD3-B72D-47B6-A68D-7590B98EB39B}
		{3B731F0D-FBAE-4C55-9AB5-1DC893E08494} = {0AB3BF05-4346-4AA6-1389-037BE0695223}
	EndGlobalSection
	GlobalSection(ExtensibilityGlobals) = postSolution
		SolutionGuid = {D0E37F6B-0AB0-406C-B9C1-2C1B3A32B831}
	EndGlobalSection
EndGlobal
